
Microsoft Visual Studio Solution File, Format Version 12.00
# Visual Studio Version 16
VisualStudioVersion = 16.0.29519.87
MinimumVisualStudioVersion = 10.0.40219.1
Project("{9A19103F-16F7-4668-BE54-9A1E7A4F7556}") = "AutomationRunner", "AutomationRunner\AutomationRunner.csproj", "{C5900AD3-F208-4172-9B6C-1BB72C237C18}"
EndProject
Project("{9A19103F-16F7-4668-BE54-9A1E7A4F7556}") = "AutomationRunner.UnitTests", "AutomationRunner.UnitTests\AutomationRunner.UnitTests.csproj", "{7DA25456-BC7B-4B53-BC16-007134A25805}"
EndProject
Global
	GlobalSection(SolutionConfigurationPlatforms) = preSolution
		Debug|Any CPU = Debug|Any CPU
		Release|Any CPU = Release|Any CPU
	EndGlobalSection
	GlobalSection(ProjectConfigurationPlatforms) = postSolution
		{C5900AD3-F208-4172-9B6C-1BB72C237C18}.Debug|Any CPU.ActiveCfg = Debug|Any CPU
		{C5900AD3-F208-4172-9B6C-1BB72C237C18}.Debug|Any CPU.Build.0 = Debug|Any CPU
		{C5900AD3-F208-4172-9B6C-1BB72C237C18}.Release|Any CPU.ActiveCfg = Release|Any CPU
		{C5900AD3-F208-4172-9B6C-1BB72C237C18}.Release|Any CPU.Build.0 = Release|Any CPU
		{7DA25456-BC7B-4B53-BC16-007134A25805}.Debug|Any CPU.ActiveCfg = Debug|Any CPU
		{7DA25456-BC7B-4B53-BC16-007134A25805}.Debug|Any CPU.Build.0 = Debug|Any CPU
		{7DA25456-BC7B-4B53-BC16-007134A25805}.Release|Any CPU.ActiveCfg = Release|Any CPU
		{7DA25456-BC7B-4B53-BC16-007134A25805}.Release|Any CPU.Build.0 = Release|Any CPU
	EndGlobalSection
	GlobalSection(SolutionProperties) = preSolution
		HideSolutionNode = FALSE
	EndGlobalSection
	GlobalSection(ExtensibilityGlobals) = postSolution
		SolutionGuid = {11562898-FFD2-4BE3-9C72-60DAD8E53BAF}
	EndGlobalSection
EndGlobal
